
Microsoft Visual Studio Solution File, Format Version 12.00
# Visual Studio Version 17
VisualStudioVersion = 17.10.35004.147
MinimumVisualStudioVersion = 10.0.40219.1
Project("{9A19103F-16F7-4668-BE54-9A1E7A4F7556}") = "Raketo", "Raketo\Raketo.csproj", "{7E0763C2-B9AC-440E-AB75-6CB0257B2496}"
EndProject
Project("{9A19103F-16F7-4668-BE54-9A1E7A4F7556}") = "Raketo.Model", "Raketo.Model\Raketo.Model.csproj", "{48E02310-0818-46DB-8B3D-66A9F6DA884A}"
EndProject
Project("{9A19103F-16F7-4668-BE54-9A1E7A4F7556}") = "Raketo.DAL", "Raketo.DAL\Raketo.DAL.csproj", "{A664446C-77FF-45D2-86FB-E2B2DB8A2AD8}"
EndProject
Project("{9A19103F-16F7-4668-BE54-9A1E7A4F7556}") = "Raketo.BL", "Raketo.BL\Raketo.BL.csproj", "{45550B77-6DE1-4936-975D-68A5EF13E9CE}"
EndProject
Project("{FAE04EC0-301F-11D3-BF4B-00C04F79EFBC}") = "Raketo.Infrastructure", "Raketo.Infrastructure\Raketo.Infrastructure.csproj", "{2E4C5496-81FC-40C3-BB97-1725A197E63D}"
EndProject
Global
	GlobalSection(SolutionConfigurationPlatforms) = preSolution
		Debug|Any CPU = Debug|Any CPU
		Release|Any CPU = Release|Any CPU
	EndGlobalSection
	GlobalSection(ProjectConfigurationPlatforms) = postSolution
		{7E0763C2-B9AC-440E-AB75-6CB0257B2496}.Debug|Any CPU.ActiveCfg = Debug|Any CPU
		{7E0763C2-B9AC-440E-AB75-6CB0257B2496}.Debug|Any CPU.Build.0 = Debug|Any CPU
		{7E0763C2-B9AC-440E-AB75-6CB0257B2496}.Release|Any CPU.ActiveCfg = Release|Any CPU
		{7E0763C2-B9AC-440E-AB75-6CB0257B2496}.Release|Any CPU.Build.0 = Release|Any CPU
		{48E02310-0818-46DB-8B3D-66A9F6DA884A}.Debug|Any CPU.ActiveCfg = Debug|Any CPU
		{48E02310-0818-46DB-8B3D-66A9F6DA884A}.Debug|Any CPU.Build.0 = Debug|Any CPU
		{48E02310-0818-46DB-8B3D-66A9F6DA884A}.Release|Any CPU.ActiveCfg = Release|Any CPU
		{48E02310-0818-46DB-8B3D-66A9F6DA884A}.Release|Any CPU.Build.0 = Release|Any CPU
		{A664446C-77FF-45D2-86FB-E2B2DB8A2AD8}.Debug|Any CPU.ActiveCfg = Debug|Any CPU
		{A664446C-77FF-45D2-86FB-E2B2DB8A2AD8}.Debug|Any CPU.Build.0 = Debug|Any CPU
		{A664446C-77FF-45D2-86FB-E2B2DB8A2AD8}.Release|Any CPU.ActiveCfg = Release|Any CPU
		{A664446C-77FF-45D2-86FB-E2B2DB8A2AD8}.Release|Any CPU.Build.0 = Release|Any CPU
		{45550B77-6DE1-4936-975D-68A5EF13E9CE}.Debug|Any CPU.ActiveCfg = Debug|Any CPU
		{45550B77-6DE1-4936-975D-68A5EF13E9CE}.Debug|Any CPU.Build.0 = Debug|Any CPU
		{45550B77-6DE1-4936-975D-68A5EF13E9CE}.Release|Any CPU.ActiveCfg = Release|Any CPU
		{45550B77-6DE1-4936-975D-68A5EF13E9CE}.Release|Any CPU.Build.0 = Release|Any CPU
		{2E4C5496-81FC-40C3-BB97-1725A197E63D}.Debug|Any CPU.ActiveCfg = Debug|Any CPU
		{2E4C5496-81FC-40C3-BB97-1725A197E63D}.Debug|Any CPU.Build.0 = Debug|Any CPU
		{2E4C5496-81FC-40C3-BB97-1725A197E63D}.Release|Any CPU.ActiveCfg = Release|Any CPU
		{2E4C5496-81FC-40C3-BB97-1725A197E63D}.Release|Any CPU.Build.0 = Release|Any CPU
	EndGlobalSection
	GlobalSection(SolutionProperties) = preSolution
		HideSolutionNode = FALSE
	EndGlobalSection
	GlobalSection(ExtensibilityGlobals) = postSolution
		SolutionGuid = {AFBF4374-AA1D-45B4-A8A2-242F49A89DA5}
	EndGlobalSection
EndGlobal
